
Microsoft Visual Studio Solution File, Format Version 12.00
# Visual Studio Version 17
VisualStudioVersion = 17.5.002.0
MinimumVisualStudioVersion = 10.0.40219.1
Project("{9A19103F-16F7-4668-BE54-9A1E7A4F7556}") = "E-book Service", "E-book Service.csproj", "{8DA1D442-FABA-4D91-9FA5-5ABB4040CC7D}"
EndProject
Global
	GlobalSection(SolutionConfigurationPlatforms) = preSolution
		Debug|Any CPU = Debug|Any CPU
		Release|Any CPU = Release|Any CPU
	EndGlobalSection
	GlobalSection(ProjectConfigurationPlatforms) = postSolution
		{8DA1D442-FABA-4D91-9FA5-5ABB4040CC7D}.Debug|Any CPU.ActiveCfg = Debug|Any CPU
		{8DA1D442-FABA-4D91-9FA5-5ABB4040CC7D}.Debug|Any CPU.Build.0 = Debug|Any CPU
		{8DA1D442-FABA-4D91-9FA5-5ABB4040CC7D}.Release|Any CPU.ActiveCfg = Release|Any CPU
		{8DA1D442-FABA-4D91-9FA5-5ABB4040CC7D}.Release|Any CPU.Build.0 = Release|Any CPU
	EndGlobalSection
	GlobalSection(SolutionProperties) = preSolution
		HideSolutionNode = FALSE
	EndGlobalSection
	GlobalSection(ExtensibilityGlobals) = postSolution
		SolutionGuid = {99593BC2-2971-4ABB-AEE5-DF8971BDC96B}
	EndGlobalSection
EndGlobal
